
Microsoft Visual Studio Solution File, Format Version 12.00
# Visual Studio Version 17
VisualStudioVersion = 17.8.34330.188
MinimumVisualStudioVersion = 10.0.40219.1
Project("{FAE04EC0-301F-11D3-BF4B-00C04F79EFBC}") = "Adoption", "Adoption\Adoption.csproj", "{393745EA-5719-40FC-BEF3-5A4074F577A8}"
EndProject
Global
	GlobalSection(SolutionConfigurationPlatforms) = preSolution
		Debug|Any CPU = Debug|Any CPU
		Release|Any CPU = Release|Any CPU
	EndGlobalSection
	GlobalSection(ProjectConfigurationPlatforms) = postSolution
		{393745EA-5719-40FC-BEF3-5A4074F577A8}.Debug|Any CPU.ActiveCfg = Debug|Any CPU
		{393745EA-5719-40FC-BEF3-5A4074F577A8}.Debug|Any CPU.Build.0 = Debug|Any CPU
		{393745EA-5719-40FC-BEF3-5A4074F577A8}.Release|Any CPU.ActiveCfg = Release|Any CPU
		{393745EA-5719-40FC-BEF3-5A4074F577A8}.Release|Any CPU.Build.0 = Release|Any CPU
	EndGlobalSection
	GlobalSection(SolutionProperties) = preSolution
		HideSolutionNode = FALSE
	EndGlobalSection
	GlobalSection(ExtensibilityGlobals) = postSolution
		SolutionGuid = {BF3B85F1-9987-4098-A188-BB981622FC3E}
	EndGlobalSection
EndGlobal
